
Microsoft Visual Studio Solution File, Format Version 12.00
# Visual Studio Version 17
VisualStudioVersion = 17.5.002.0
MinimumVisualStudioVersion = 10.0.40219.1
Project("{9A19103F-16F7-4668-BE54-9A1E7A4F7556}") = "Piada", "Piada.csproj", "{FB88B7F1-2D26-475F-BCB7-38425ABC1F61}"
EndProject
Global
	GlobalSection(SolutionConfigurationPlatforms) = preSolution
		Debug|Any CPU = Debug|Any CPU
		Release|Any CPU = Release|Any CPU
	EndGlobalSection
	GlobalSection(ProjectConfigurationPlatforms) = postSolution
		{FB88B7F1-2D26-475F-BCB7-38425ABC1F61}.Debug|Any CPU.ActiveCfg = Debug|Any CPU
		{FB88B7F1-2D26-475F-BCB7-38425ABC1F61}.Debug|Any CPU.Build.0 = Debug|Any CPU
		{FB88B7F1-2D26-475F-BCB7-38425ABC1F61}.Release|Any CPU.ActiveCfg = Release|Any CPU
		{FB88B7F1-2D26-475F-BCB7-38425ABC1F61}.Release|Any CPU.Build.0 = Release|Any CPU
	EndGlobalSection
	GlobalSection(SolutionProperties) = preSolution
		HideSolutionNode = FALSE
	EndGlobalSection
	GlobalSection(ExtensibilityGlobals) = postSolution
		SolutionGuid = {CCEB7742-E889-4E78-8639-40EA7DCC89C1}
	EndGlobalSection
EndGlobal
